
Microsoft Visual Studio Solution File, Format Version 12.00
# Visual Studio Version 16
VisualStudioVersion = 16.0.34031.81
MinimumVisualStudioVersion = 10.0.40219.1
Project("{FAE04EC0-301F-11D3-BF4B-00C04F79EFBC}") = "The Best Game Ever", "ConsoleApp1\The Best Game Ever.csproj", "{35DC8598-3FDB-469F-87F4-8311239CCADB}"
EndProject
Global
	GlobalSection(SolutionConfigurationPlatforms) = preSolution
		Debug|Any CPU = Debug|Any CPU
		Release|Any CPU = Release|Any CPU
	EndGlobalSection
	GlobalSection(ProjectConfigurationPlatforms) = postSolution
		{35DC8598-3FDB-469F-87F4-8311239CCADB}.Debug|Any CPU.ActiveCfg = Debug|Any CPU
		{35DC8598-3FDB-469F-87F4-8311239CCADB}.Debug|Any CPU.Build.0 = Debug|Any CPU
		{35DC8598-3FDB-469F-87F4-8311239CCADB}.Release|Any CPU.ActiveCfg = Release|Any CPU
		{35DC8598-3FDB-469F-87F4-8311239CCADB}.Release|Any CPU.Build.0 = Release|Any CPU
	EndGlobalSection
	GlobalSection(SolutionProperties) = preSolution
		HideSolutionNode = FALSE
	EndGlobalSection
	GlobalSection(ExtensibilityGlobals) = postSolution
		SolutionGuid = {91B849CB-C15E-4DE9-B73E-35D62466E8BA}
	EndGlobalSection
EndGlobal
